
Microsoft Visual Studio Solution File, Format Version 12.00
# Visual Studio Version 17
VisualStudioVersion = 17.1.32210.238
MinimumVisualStudioVersion = 10.0.40219.1
Project("{FAE04EC0-301F-11D3-BF4B-00C04F79EFBC}") = "TwitterSearchFunction", "TwitterSearchFunction\TwitterSearchFunction.csproj", "{A284ED38-3C19-4E1E-ABB3-B00657300934}"
EndProject
Global
	GlobalSection(SolutionConfigurationPlatforms) = preSolution
		Debug|Any CPU = Debug|Any CPU
		Release|Any CPU = Release|Any CPU
	EndGlobalSection
	GlobalSection(ProjectConfigurationPlatforms) = postSolution
		{A284ED38-3C19-4E1E-ABB3-B00657300934}.Debug|Any CPU.ActiveCfg = Debug|Any CPU
		{A284ED38-3C19-4E1E-ABB3-B00657300934}.Debug|Any CPU.Build.0 = Debug|Any CPU
		{A284ED38-3C19-4E1E-ABB3-B00657300934}.Release|Any CPU.ActiveCfg = Release|Any CPU
		{A284ED38-3C19-4E1E-ABB3-B00657300934}.Release|Any CPU.Build.0 = Release|Any CPU
	EndGlobalSection
	GlobalSection(SolutionProperties) = preSolution
		HideSolutionNode = FALSE
	EndGlobalSection
	GlobalSection(ExtensibilityGlobals) = postSolution
		SolutionGuid = {56D9F214-AC09-4364-89DC-E07E43C61C96}
	EndGlobalSection
EndGlobal
